// !$*UTF8*$!
{
	archiveVersion = 1;
	classes = {
	};
	objectVersion = 46;
	objects = {

/* Begin PBXBuildFile section */
		BBA7FD441DC7E51A00DF0690 /* main.m in Sources */ = {isa = PBXBuildFile; fileRef = BBA7FD431DC7E51A00DF0690 /* main.m */; };
		BBA7FD471DC7E51A00DF0690 /* AppDelegate.m in Sources */ = {isa = PBXBuildFile; fileRef = BBA7FD461DC7E51A00DF0690 /* AppDelegate.m */; };
		BBA7FD4A1DC7E51A00DF0690 /* ViewController.m in Sources */ = {isa = PBXBuildFile; fileRef = BBA7FD491DC7E51A00DF0690 /* ViewController.m */; };
		BBA7FD4D1DC7E51A00DF0690 /* Main.storyboard in Resources */ = {isa = PBXBuildFile; fileRef = BBA7FD4B1DC7E51A00DF0690 /* Main.storyboard */; };
		BBA7FD4F1DC7E51A00DF0690 /* Assets.xcassets in Resources */ = {isa = PBXBuildFile; fileRef = BBA7FD4E1DC7E51A00DF0690 /* Assets.xcassets */; };
		BBA7FD521DC7E51A00DF0690 /* LaunchScreen.storyboard in Resources */ = {isa = PBXBuildFile; fileRef = BBA7FD501DC7E51A00DF0690 /* LaunchScreen.storyboard */; };
		BBA7FD5D1DC7E51A00DF0690 /* try_catch_whoopsTests.m in Sources */ = {isa = PBXBuildFile; fileRef = BBA7FD5C1DC7E51A00DF0690 /* try_catch_whoopsTests.m */; };
/* End PBXBuildFile section */

/* Begin PBXContainerItemProxy section */
		BBA7FD591DC7E51A00DF0690 /* PBXContainerItemProxy */ = {
			isa = PBXContainerItemProxy;
			containerPortal = BBA7FD371DC7E51900DF0690 /* Project object */;
			proxyType = 1;
			remoteGlobalIDString = BBA7FD3E1DC7E51900DF0690;
			remoteInfo = "try-catch-whoops";
		};
/* End PBXContainerItemProxy section */

/* Begin PBXFileReference section */
		BBA7FD3F1DC7E51A00DF0690 /* try-catch-whoops.app */ = {isa = PBXFileReference; explicitFileType = wrapper.application; includeInIndex = 0; path = "try-catch-whoops.app"; sourceTree = BUILT_PRODUCTS_DIR; };
		BBA7FD431DC7E51A00DF0690 /* main.m */ = {isa = PBXFileReference; lastKnownFileType = sourcecode.c.objc; path = main.m; sourceTree = "<group>"; };
		BBA7FD451DC7E51A00DF0690 /* AppDelegate.h */ = {isa = PBXFileReference; lastKnownFileType = sourcecode.c.h; path = AppDelegate.h; sourceTree = "<group>"; };
		BBA7FD461DC7E51A00DF0690 /* AppDelegate.m */ = {isa = PBXFileReference; lastKnownFileType = sourcecode.c.objc; path = AppDelegate.m; sourceTree = "<group>"; };
		BBA7FD481DC7E51A00DF0690 /* ViewController.h */ = {isa = PBXFileReference; lastKnownFileType = sourcecode.c.h; path = ViewController.h; sourceTree = "<group>"; };
		BBA7FD491DC7E51A00DF0690 /* ViewController.m */ = {isa = PBXFileReference; lastKnownFileType = sourcecode.c.objc; path = ViewController.m; sourceTree = "<group>"; };
		BBA7FD4C1DC7E51A00DF0690 /* Base */ = {isa = PBXFileReference; lastKnownFileType = file.storyboard; name = Base; path = Base.lproj/Main.storyboard; sourceTree = "<group>"; };
		BBA7FD4E1DC7E51A00DF0690 /* Assets.xcassets */ = {isa = PBXFileReference; lastKnownFileType = folder.assetcatalog; path = Assets.xcassets; sourceTree = "<group>"; };
		BBA7FD511DC7E51A00DF0690 /* Base */ = {isa = PBXFileReference; lastKnownFileType = file.storyboard; name = Base; path = Base.lproj/LaunchScreen.storyboard; sourceTree = "<group>"; };
		BBA7FD531DC7E51A00DF0690 /* Info.plist */ = {isa = PBXFileReference; lastKnownFileType = text.plist.xml; path = Info.plist; sourceTree = "<group>"; };
		BBA7FD581DC7E51A00DF0690 /* try-catch-whoopsTests.xctest */ = {isa = PBXFileReference; explicitFileType = wrapper.cfbundle; includeInIndex = 0; path = "try-catch-whoopsTests.xctest"; sourceTree = BUILT_PRODUCTS_DIR; };
		BBA7FD5C1DC7E51A00DF0690 /* try_catch_whoopsTests.m */ = {isa = PBXFileReference; lastKnownFileType = sourcecode.c.objc; path = try_catch_whoopsTests.m; sourceTree = "<group>"; };
		BBA7FD5E1DC7E51A00DF0690 /* Info.plist */ = {isa = PBXFileReference; lastKnownFileType = text.plist.xml; path = Info.plist; sourceTree = "<group>"; };
/* End PBXFileReference section */

/* Begin PBXFrameworksBuildPhase section */
		BBA7FD3C1DC7E51900DF0690 /* Frameworks */ = {
			isa = PBXFrameworksBuildPhase;
			buildActionMask = 2147483647;
			files = (
			);
			runOnlyForDeploymentPostprocessing = 0;
		};
		BBA7FD551DC7E51A00DF0690 /* Frameworks */ = {
			isa = PBXFrameworksBuildPhase;
			buildActionMask = 2147483647;
			files = (
			);
			runOnlyForDeploymentPostprocessing = 0;
		};
/* End PBXFrameworksBuildPhase section */

/* Begin PBXGroup section */
		BBA7FD361DC7E51900DF0690 = {
			isa = PBXGroup;
			children = (
				BBA7FD411DC7E51A00DF0690 /* try-catch-whoops */,
				BBA7FD5B1DC7E51A00DF0690 /* try-catch-whoopsTests */,
				BBA7FD401DC7E51A00DF0690 /* Products */,
			);
			sourceTree = "<group>";
		};
		BBA7FD401DC7E51A00DF0690 /* Products */ = {
			isa = PBXGroup;
			children = (
				BBA7FD3F1DC7E51A00DF0690 /* try-catch-whoops.app */,
				BBA7FD581DC7E51A00DF0690 /* try-catch-whoopsTests.xctest */,
			);
			name = Products;
			sourceTree = "<group>";
		};
		BBA7FD411DC7E51A00DF0690 /* try-catch-whoops */ = {
			isa = PBXGroup;
			children = (
				BBA7FD451DC7E51A00DF0690 /* AppDelegate.h */,
				BBA7FD461DC7E51A00DF0690 /* AppDelegate.m */,
				BBA7FD481DC7E51A00DF0690 /* ViewController.h */,
				BBA7FD491DC7E51A00DF0690 /* ViewController.m */,
				BBA7FD4B1DC7E51A00DF0690 /* Main.storyboard */,
				BBA7FD4E1DC7E51A00DF0690 /* Assets.xcassets */,
				BBA7FD501DC7E51A00DF0690 /* LaunchScreen.storyboard */,
				BBA7FD531DC7E51A00DF0690 /* Info.plist */,
				BBA7FD421DC7E51A00DF0690 /* Supporting Files */,
			);
			path = "try-catch-whoops";
			sourceTree = "<group>";
		};
		BBA7FD421DC7E51A00DF0690 /* Supporting Files */ = {
			isa = PBXGroup;
			children = (
				BBA7FD431DC7E51A00DF0690 /* main.m */,
			);
			name = "Supporting Files";
			sourceTree = "<group>";
		};
		BBA7FD5B1DC7E51A00DF0690 /* try-catch-whoopsTests */ = {
			isa = PBXGroup;
			children = (
				BBA7FD5C1DC7E51A00DF0690 /* try_catch_whoopsTests.m */,
				BBA7FD5E1DC7E51A00DF0690 /* Info.plist */,
			);
			path = "try-catch-whoopsTests";
			sourceTree = "<group>";
		};
/* End PBXGroup section */

/* Begin PBXNativeTarget section */
		BBA7FD3E1DC7E51900DF0690 /* try-catch-whoops */ = {
			isa = PBXNativeTarget;
			buildConfigurationList = BBA7FD611DC7E51A00DF0690 /* Build configuration list for PBXNativeTarget "try-catch-whoops" */;
			buildPhases = (
				BBA7FD3B1DC7E51900DF0690 /* Sources */,
				BBA7FD3C1DC7E51900DF0690 /* Frameworks */,
				BBA7FD3D1DC7E51900DF0690 /* Resources */,
			);
			buildRules = (
			);
			dependencies = (
			);
			name = "try-catch-whoops";
			productName = "try-catch-whoops";
			productReference = BBA7FD3F1DC7E51A00DF0690 /* try-catch-whoops.app */;
			productType = "com.apple.product-type.application";
		};
		BBA7FD571DC7E51A00DF0690 /* try-catch-whoopsTests */ = {
			isa = PBXNativeTarget;
			buildConfigurationList = BBA7FD641DC7E51A00DF0690 /* Build configuration list for PBXNativeTarget "try-catch-whoopsTests" */;
			buildPhases = (
				BBA7FD541DC7E51A00DF0690 /* Sources */,
				BBA7FD551DC7E51A00DF0690 /* Frameworks */,
				BBA7FD561DC7E51A00DF0690 /* Resources */,
			);
			buildRules = (
			);
			dependencies = (
				BBA7FD5A1DC7E51A00DF0690 /* PBXTargetDependency */,
			);
			name = "try-catch-whoopsTests";
			productName = "try-catch-whoopsTests";
			productReference = BBA7FD581DC7E51A00DF0690 /* try-catch-whoopsTests.xctest */;
			productType = "com.apple.product-type.bundle.unit-test";
		};
/* End PBXNativeTarget section */

/* Begin PBXProject section */
		BBA7FD371DC7E51900DF0690 /* Project object */ = {
			isa = PBXProject;
			attributes = {
				LastUpgradeCheck = 0810;
				ORGANIZATIONNAME = "David Wagner";
				TargetAttributes = {
					BBA7FD3E1DC7E51900DF0690 = {
						CreatedOnToolsVersion = 8.1;
						DevelopmentTeam = A8NKHWJDUL;
						ProvisioningStyle = Automatic;
					};
					BBA7FD571DC7E51A00DF0690 = {
						CreatedOnToolsVersion = 8.1;
						DevelopmentTeam = A8NKHWJDUL;
						ProvisioningStyle = Automatic;
						TestTargetID = BBA7FD3E1DC7E51900DF0690;
					};
				};
			};
			buildConfigurationList = BBA7FD3A1DC7E51900DF0690 /* Build configuration list for PBXProject "try-catch-whoops" */;
			compatibilityVersion = "Xcode 3.2";
			developmentRegion = English;
			hasScannedForEncodings = 0;
			knownRegions = (
				en,
				Base,
			);
			mainGroup = BBA7FD361DC7E51900DF0690;
			productRefGroup = BBA7FD401DC7E51A00DF0690 /* Products */;
			projectDirPath = "";
			projectRoot = "";
			targets = (
				BBA7FD3E1DC7E51900DF0690 /* try-catch-whoops */,
				BBA7FD571DC7E51A00DF0690 /* try-catch-whoopsTests */,
			);
		};
/* End PBXProject section */

/* Begin PBXResourcesBuildPhase section */
		BBA7FD3D1DC7E51900DF0690 /* Resources */ = {
			isa = PBXResourcesBuildPhase;
			buildActionMask = 2147483647;
			files = (
				BBA7FD521DC7E51A00DF0690 /* LaunchScreen.storyboard in Resources */,
				BBA7FD4F1DC7E51A00DF0690 /* Assets.xcassets in Resources */,
				BBA7FD4D1DC7E51A00DF0690 /* Main.storyboard in Resources */,
			);
			runOnlyForDeploymentPostprocessing = 0;
		};
		BBA7FD561DC7E51A00DF0690 /* Resources */ = {
			isa = PBXResourcesBuildPhase;
			buildActionMask = 2147483647;
			files = (
			);
			runOnlyForDeploymentPostprocessing = 0;
		};
/* End PBXResourcesBuildPhase section */

/* Begin PBXSourcesBuildPhase section */
		BBA7FD3B1DC7E51900DF0690 /* Sources */ = {
			isa = PBXSourcesBuildPhase;
			buildActionMask = 2147483647;
			files = (
				BBA7FD4A1DC7E51A00DF0690 /* ViewController.m in Sources */,
				BBA7FD471DC7E51A00DF0690 /* AppDelegate.m in Sources */,
				BBA7FD441DC7E51A00DF0690 /* main.m in Sources */,
			);
			runOnlyForDeploymentPostprocessing = 0;
		};
		BBA7FD541DC7E51A00DF0690 /* Sources */ = {
			isa = PBXSourcesBuildPhase;
			buildActionMask = 2147483647;
			files = (
				BBA7FD5D1DC7E51A00DF0690 /* try_catch_whoopsTests.m in Sources */,
			);
			runOnlyForDeploymentPostprocessing = 0;
		};
/* End PBXSourcesBuildPhase section */

/* Begin PBXTargetDependency section */
		BBA7FD5A1DC7E51A00DF0690 /* PBXTargetDependency */ = {
			isa = PBXTargetDependency;
			target = BBA7FD3E1DC7E51900DF0690 /* try-catch-whoops */;
			targetProxy = BBA7FD591DC7E51A00DF0690 /* PBXContainerItemProxy */;
		};
/* End PBXTargetDependency section */

/* Begin PBXVariantGroup section */
		BBA7FD4B1DC7E51A00DF0690 /* Main.storyboard */ = {
			isa = PBXVariantGroup;
			children = (
				BBA7FD4C1DC7E51A00DF0690 /* Base */,
			);
			name = Main.storyboard;
			sourceTree = "<group>";
		};
		BBA7FD501DC7E51A00DF0690 /* LaunchScreen.storyboard */ = {
			isa = PBXVariantGroup;
			children = (
				BBA7FD511DC7E51A00DF0690 /* Base */,
			);
			name = LaunchScreen.storyboard;
			sourceTree = "<group>";
		};
/* End PBXVariantGroup section */

/* Begin XCBuildConfiguration section */
		BBA7FD5F1DC7E51A00DF0690 /* Debug */ = {
			isa = XCBuildConfiguration;
			buildSettings = {
				ALWAYS_SEARCH_USER_PATHS = NO;
				CLANG_ANALYZER_NONNULL = YES;
				CLANG_CXX_LANGUAGE_STANDARD = "gnu++0x";
				CLANG_CXX_LIBRARY = "libc++";
				CLANG_ENABLE_MODULES = YES;
				CLANG_ENABLE_OBJC_ARC = YES;
				CLANG_WARN_BOOL_CONVERSION = YES;
				CLANG_WARN_CONSTANT_CONVERSION = YES;
				CLANG_WARN_DIRECT_OBJC_ISA_USAGE = YES_ERROR;
				CLANG_WARN_DOCUMENTATION_COMMENTS = YES;
				CLANG_WARN_EMPTY_BODY = YES;
				CLANG_WARN_ENUM_CONVERSION = YES;
				CLANG_WARN_INFINITE_RECURSION = YES;
				CLANG_WARN_INT_CONVERSION = YES;
				CLANG_WARN_OBJC_ROOT_CLASS = YES_ERROR;
				CLANG_WARN_SUSPICIOUS_MOVES = YES;
				CLANG_WARN_UNREACHABLE_CODE = YES;
				CLANG_WARN__DUPLICATE_METHOD_MATCH = YES;
				"CODE_SIGN_IDENTITY[sdk=iphoneos*]" = "iPhone Developer";
				COPY_PHASE_STRIP = NO;
				DEBUG_INFORMATION_FORMAT = dwarf;
				ENABLE_STRICT_OBJC_MSGSEND = YES;
				ENABLE_TESTABILITY = YES;
				GCC_C_LANGUAGE_STANDARD = gnu99;
				GCC_DYNAMIC_NO_PIC = NO;
				GCC_NO_COMMON_BLOCKS = YES;
				GCC_OPTIMIZATION_LEVEL = 0;
				GCC_PREPROCESSOR_DEFINITIONS = (
					"DEBUG=1",
					"$(inherited)",
				);
				GCC_WARN_64_TO_32_BIT_CONVERSION = YES;
				GCC_WARN_ABOUT_RETURN_TYPE = YES_ERROR;
				GCC_WARN_UNDECLARED_SELECTOR = YES;
				GCC_WARN_UNINITIALIZED_AUTOS = YES_AGGRESSIVE;
				GCC_WARN_UNUSED_FUNCTION = YES;
				GCC_WARN_UNUSED_VARIABLE = YES;
				IPHONEOS_DEPLOYMENT_TARGET = 10.1;
				MTL_ENABLE_DEBUG_INFO = YES;
				ONLY_ACTIVE_ARCH = YES;
				SDKROOT = iphoneos;
				TARGETED_DEVICE_FAMILY = "1,2";
			};
			name = Debug;
		};
		BBA7FD601DC7E51A00DF0690 /* Release */ = {
			isa = XCBuildConfiguration;
			buildSettings = {
				ALWAYS_SEARCH_USER_PATHS = NO;
				CLANG_ANALYZER_NONNULL = YES;
				CLANG_CXX_LANGUAGE_STANDARD = "gnu++0x";
				CLANG_CXX_LIBRARY = "libc++";
				CLANG_ENABLE_MODULES = YES;
				CLANG_ENABLE_OBJC_ARC = YES;
				CLANG_WARN_BOOL_CONVERSION = YES;
				CLANG_WARN_CONSTANT_CONVERSION = YES;
				CLANG_WARN_DIRECT_OBJC_ISA_USAGE = YES_ERROR;
				CLANG_WARN_DOCUMENTATION_COMMENTS = YES;
				CLANG_WARN_EMPTY_BODY = YES;
				CLANG_WARN_ENUM_CONVERSION = YES;
				CLANG_WARN_INFINITE_RECURSION = YES;
				CLANG_WARN_INT_CONVERSION = YES;
				CLANG_WARN_OBJC_ROOT_CLASS = YES_ERROR;
				CLANG_WARN_SUSPICIOUS_MOVES = YES;
				CLANG_WARN_UNREACHABLE_CODE = YES;
				CLANG_WARN__DUPLICATE_METHOD_MATCH = YES;
				"CODE_SIGN_IDENTITY[sdk=iphoneos*]" = "iPhone Developer";
				COPY_PHASE_STRIP = NO;
				DEBUG_INFORMATION_FORMAT = "dwarf-with-dsym";
				ENABLE_NS_ASSERTIONS = NO;
				ENABLE_STRICT_OBJC_MSGSEND = YES;
				GCC_C_LANGUAGE_STANDARD = gnu99;
				GCC_NO_COMMON_BLOCKS = YES;
				GCC_WARN_64_TO_32_BIT_CONVERSION = YES;
				GCC_WARN_ABOUT_RETURN_TYPE = YES_ERROR;
				GCC_WARN_UNDECLARED_SELECTOR = YES;
				GCC_WARN_UNINITIALIZED_AUTOS = YES_AGGRESSIVE;
				GCC_WARN_UNUSED_FUNCTION = YES;
				GCC_WARN_UNUSED_VARIABLE = YES;
				IPHONEOS_DEPLOYMENT_TARGET = 10.1;
				MTL_ENABLE_DEBUG_INFO = NO;
				SDKROOT = iphoneos;
				TARGETED_DEVICE_FAMILY = "1,2";
				VALIDATE_PRODUCT = YES;
			};
			name = Release;
		};
		BBA7FD621DC7E51A00DF0690 /* Debug */ = {
			isa = XCBuildConfiguration;
			buildSettings = {
				ASSETCATALOG_COMPILER_APPICON_NAME = AppIcon;
				DEVELOPMENT_TEAM = A8NKHWJDUL;
				INFOPLIST_FILE = "try-catch-whoops/Info.plist";
				LD_RUNPATH_SEARCH_PATHS = "$(inherited) @executable_path/Frameworks";
				PRODUCT_BUNDLE_IDENTIFIER = "com.noiseandheat.try-catch-whoops";
				PRODUCT_NAME = "$(TARGET_NAME)";
			};
			name = Debug;
		};
		BBA7FD631DC7E51A00DF0690 /* Release */ = {
			isa = XCBuildConfiguration;
			buildSettings = {
				ASSETCATALOG_COMPILER_APPICON_NAME = AppIcon;
				DEVELOPMENT_TEAM = A8NKHWJDUL;
				INFOPLIST_FILE = "try-catch-whoops/Info.plist";
				LD_RUNPATH_SEARCH_PATHS = "$(inherited) @executable_path/Frameworks";
				PRODUCT_BUNDLE_IDENTIFIER = "com.noiseandheat.try-catch-whoops";
				PRODUCT_NAME = "$(TARGET_NAME)";
			};
			name = Release;
		};
		BBA7FD651DC7E51A00DF0690 /* Debug */ = {
			isa = XCBuildConfiguration;
			buildSettings = {
				BUNDLE_LOADER = "$(TEST_HOST)";
				DEVELOPMENT_TEAM = A8NKHWJDUL;
				INFOPLIST_FILE = "try-catch-whoopsTests/Info.plist";
				LD_RUNPATH_SEARCH_PATHS = "$(inherited) @executable_path/Frameworks @loader_path/Frameworks";
				PRODUCT_BUNDLE_IDENTIFIER = "com.noiseandheat.try-catch-whoopsTests";
				PRODUCT_NAME = "$(TARGET_NAME)";
				TEST_HOST = "$(BUILT_PRODUCTS_DIR)/try-catch-whoops.app/try-catch-whoops";
			};
			name = Debug;
		};
		BBA7FD661DC7E51A00DF0690 /* Release */ = {
			isa = XCBuildConfiguration;
			buildSettings = {
				BUNDLE_LOADER = "$(TEST_HOST)";
				DEVELOPMENT_TEAM = A8NKHWJDUL;
				INFOPLIST_FILE = "try-catch-whoopsTests/Info.plist";
				LD_RUNPATH_SEARCH_PATHS = "$(inherited) @executable_path/Frameworks @loader_path/Frameworks";
				PRODUCT_BUNDLE_IDENTIFIER = "com.noiseandheat.try-catch-whoopsTests";
				PRODUCT_NAME = "$(TARGET_NAME)";
				TEST_HOST = "$(BUILT_PRODUCTS_DIR)/try-catch-whoops.app/try-catch-whoops";
			};
			name = Release;
		};
/* End XCBuildConfiguration section */

/* Begin XCConfigurationList section */
		BBA7FD3A1DC7E51900DF0690 /* Build configuration list for PBXProject "try-catch-whoops" */ = {
			isa = XCConfigurationList;
			buildConfigurations = (
				BBA7FD5F1DC7E51A00DF0690 /* Debug */,
				BBA7FD601DC7E51A00DF0690 /* Release */,
			);
			defaultConfigurationIsVisible = 0;
			defaultConfigurationName = Release;
		};
		BBA7FD611DC7E51A00DF0690 /* Build configuration list for PBXNativeTarget "try-catch-whoops" */ = {
			isa = XCConfigurationList;
			buildConfigurations = (
				BBA7FD621DC7E51A00DF0690 /* Debug */,
				BBA7FD631DC7E51A00DF0690 /* Release */,
			);
			defaultConfigurationIsVisible = 0;
		};
		BBA7FD641DC7E51A00DF0690 /* Build configuration list for PBXNativeTarget "try-catch-whoopsTests" */ = {
			isa = XCConfigurationList;
			buildConfigurations = (
				BBA7FD651DC7E51A00DF0690 /* Debug */,
				BBA7FD661DC7E51A00DF0690 /* Release */,
			);
			defaultConfigurationIsVisible = 0;
		};
/* End XCConfigurationList section */
	};
	rootObject = BBA7FD371DC7E51900DF0690 /* Project object */;
}
